// !$*UTF8*$!
{
	archiveVersion = 1;
	classes = {
	};
	objectVersion = 50;
	objects = {

/* Begin PBXBuildFile section */
		1E4C5B2E213D076800C259EC /* AppDelegate.swift in Sources */ = {isa = PBXBuildFile; fileRef = 1E4C5B2D213D076800C259EC /* AppDelegate.swift */; };
		1E4C5B30213D076800C259EC /* ViewController.swift in Sources */ = {isa = PBXBuildFile; fileRef = 1E4C5B2F213D076800C259EC /* ViewController.swift */; };
		1E4C5B33213D076800C259EC /* Main.storyboard in Resources */ = {isa = PBXBuildFile; fileRef = 1E4C5B31213D076800C259EC /* Main.storyboard */; };
		1E4C5B35213D076A00C259EC /* Assets.xcassets in Resources */ = {isa = PBXBuildFile; fileRef = 1E4C5B34213D076A00C259EC /* Assets.xcassets */; };
		1E4C5B38213D076A00C259EC /* LaunchScreen.storyboard in Resources */ = {isa = PBXBuildFile; fileRef = 1E4C5B36213D076A00C259EC /* LaunchScreen.storyboard */; };
		1E4C5B41213D077D00C259EC /* WebKit.framework in Frameworks */ = {isa = PBXBuildFile; fileRef = 1E4C5B40213D077D00C259EC /* WebKit.framework */; };
		1E4C5B44213D087D00C259EC /* login.html in Resources */ = {isa = PBXBuildFile; fileRef = 1E4C5B43213D087D00C259EC /* login.html */; };
		354282C075F5E4231DC1C820 /* Pods_WKWebView_Swift.framework in Frameworks */ = {isa = PBXBuildFile; fileRef = 028F3E761AD6C6BA7FCA8CF9 /* Pods_WKWebView_Swift.framework */; };
/* End PBXBuildFile section */

/* Begin PBXFileReference section */
		028F3E761AD6C6BA7FCA8CF9 /* Pods_WKWebView_Swift.framework */ = {isa = PBXFileReference; explicitFileType = wrapper.framework; includeInIndex = 0; path = Pods_WKWebView_Swift.framework; sourceTree = BUILT_PRODUCTS_DIR; };
		1E4C5B2A213D076800C259EC /* WKWebView-Swift.app */ = {isa = PBXFileReference; explicitFileType = wrapper.application; includeInIndex = 0; path = "WKWebView-Swift.app"; sourceTree = BUILT_PRODUCTS_DIR; };
		1E4C5B2D213D076800C259EC /* AppDelegate.swift */ = {isa = PBXFileReference; lastKnownFileType = sourcecode.swift; path = AppDelegate.swift; sourceTree = "<group>"; };
		1E4C5B2F213D076800C259EC /* ViewController.swift */ = {isa = PBXFileReference; lastKnownFileType = sourcecode.swift; path = ViewController.swift; sourceTree = "<group>"; };
		1E4C5B32213D076800C259EC /* Base */ = {isa = PBXFileReference; lastKnownFileType = file.storyboard; name = Base; path = Base.lproj/Main.storyboard; sourceTree = "<group>"; };
		1E4C5B34213D076A00C259EC /* Assets.xcassets */ = {isa = PBXFileReference; lastKnownFileType = folder.assetcatalog; path = Assets.xcassets; sourceTree = "<group>"; };
		1E4C5B37213D076A00C259EC /* Base */ = {isa = PBXFileReference; lastKnownFileType = file.storyboard; name = Base; path = Base.lproj/LaunchScreen.storyboard; sourceTree = "<group>"; };
		1E4C5B39213D076A00C259EC /* Info.plist */ = {isa = PBXFileReference; lastKnownFileType = text.plist.xml; path = Info.plist; sourceTree = "<group>"; };
		1E4C5B40213D077D00C259EC /* WebKit.framework */ = {isa = PBXFileReference; lastKnownFileType = wrapper.framework; name = WebKit.framework; path = System/Library/Frameworks/WebKit.framework; sourceTree = SDKROOT; };
		1E4C5B43213D087D00C259EC /* login.html */ = {isa = PBXFileReference; fileEncoding = 4; lastKnownFileType = text.html; path = login.html; sourceTree = "<group>"; };
		609DD3F676628BE3AEB7E367 /* Pods-WKWebView-Swift.debug.xcconfig */ = {isa = PBXFileReference; includeInIndex = 1; lastKnownFileType = text.xcconfig; name = "Pods-WKWebView-Swift.debug.xcconfig"; path = "Pods/Target Support Files/Pods-WKWebView-Swift/Pods-WKWebView-Swift.debug.xcconfig"; sourceTree = "<group>"; };
		9717322F504BD07675602A43 /* Pods-WKWebView-Swift.release.xcconfig */ = {isa = PBXFileReference; includeInIndex = 1; lastKnownFileType = text.xcconfig; name = "Pods-WKWebView-Swift.release.xcconfig"; path = "Pods/Target Support Files/Pods-WKWebView-Swift/Pods-WKWebView-Swift.release.xcconfig"; sourceTree = "<group>"; };
/* End PBXFileReference section */

/* Begin PBXFrameworksBuildPhase section */
		1E4C5B27213D076800C259EC /* Frameworks */ = {
			isa = PBXFrameworksBuildPhase;
			buildActionMask = 2147483647;
			files = (
				1E4C5B41213D077D00C259EC /* WebKit.framework in Frameworks */,
				354282C075F5E4231DC1C820 /* Pods_WKWebView_Swift.framework in Frameworks */,
			);
			runOnlyForDeploymentPostprocessing = 0;
		};
/* End PBXFrameworksBuildPhase section */

/* Begin PBXGroup section */
		1E4C5B21213D076800C259EC = {
			isa = PBXGroup;
			children = (
				1E4C5B42213D087D00C259EC /* webview */,
				1E4C5B2C213D076800C259EC /* WKWebView-Swift */,
				1E4C5B2B213D076800C259EC /* Products */,
				1E4C5B3F213D077D00C259EC /* Frameworks */,
				FFE4A4439DA53AB664DBD2C8 /* Pods */,
			);
			sourceTree = "<group>";
		};
		1E4C5B2B213D076800C259EC /* Products */ = {
			isa = PBXGroup;
			children = (
				1E4C5B2A213D076800C259EC /* WKWebView-Swift.app */,
			);
			name = Products;
			sourceTree = "<group>";
		};
		1E4C5B2C213D076800C259EC /* WKWebView-Swift */ = {
			isa = PBXGroup;
			children = (
				1E4C5B2D213D076800C259EC /* AppDelegate.swift */,
				1E4C5B2F213D076800C259EC /* ViewController.swift */,
				1E4C5B31213D076800C259EC /* Main.storyboard */,
				1E4C5B34213D076A00C259EC /* Assets.xcassets */,
				1E4C5B36213D076A00C259EC /* LaunchScreen.storyboard */,
				1E4C5B39213D076A00C259EC /* Info.plist */,
			);
			path = "WKWebView-Swift";
			sourceTree = "<group>";
		};
		1E4C5B3F213D077D00C259EC /* Frameworks */ = {
			isa = PBXGroup;
			children = (
				1E4C5B40213D077D00C259EC /* WebKit.framework */,
				028F3E761AD6C6BA7FCA8CF9 /* Pods_WKWebView_Swift.framework */,
			);
			name = Frameworks;
			sourceTree = "<group>";
		};
		1E4C5B42213D087D00C259EC /* webview */ = {
			isa = PBXGroup;
			children = (
				1E4C5B43213D087D00C259EC /* login.html */,
			);
			path = webview;
			sourceTree = "<group>";
		};
		FFE4A4439DA53AB664DBD2C8 /* Pods */ = {
			isa = PBXGroup;
			children = (
				609DD3F676628BE3AEB7E367 /* Pods-WKWebView-Swift.debug.xcconfig */,
				9717322F504BD07675602A43 /* Pods-WKWebView-Swift.release.xcconfig */,
			);
			name = Pods;
			sourceTree = "<group>";
		};
/* End PBXGroup section */

/* Begin PBXNativeTarget section */
		1E4C5B29213D076800C259EC /* WKWebView-Swift */ = {
			isa = PBXNativeTarget;
			buildConfigurationList = 1E4C5B3C213D076A00C259EC /* Build configuration list for PBXNativeTarget "WKWebView-Swift" */;
			buildPhases = (
				9B4484BF474122606F345894 /* [CP] Check Pods Manifest.lock */,
				1E4C5B26213D076800C259EC /* Sources */,
				1E4C5B27213D076800C259EC /* Frameworks */,
				1E4C5B28213D076800C259EC /* Resources */,
				E34E198DDC6453F5F6722E6E /* [CP] Embed Pods Frameworks */,
			);
			buildRules = (
			);
			dependencies = (
			);
			name = "WKWebView-Swift";
			productName = "WKWebView-Swift";
			productReference = 1E4C5B2A213D076800C259EC /* WKWebView-Swift.app */;
			productType = "com.apple.product-type.application";
		};
/* End PBXNativeTarget section */

/* Begin PBXProject section */
		1E4C5B22213D076800C259EC /* Project object */ = {
			isa = PBXProject;
			attributes = {
				LastSwiftUpdateCheck = 0940;
				LastUpgradeCheck = 0940;
				ORGANIZATIONNAME = xyq;
				TargetAttributes = {
					1E4C5B29213D076800C259EC = {
						CreatedOnToolsVersion = 9.4.1;
						LastSwiftMigration = 1020;
					};
				};
			};
			buildConfigurationList = 1E4C5B25213D076800C259EC /* Build configuration list for PBXProject "WKWebView-Swift" */;
			compatibilityVersion = "Xcode 9.3";
			developmentRegion = en;
			hasScannedForEncodings = 0;
			knownRegions = (
				en,
				Base,
			);
			mainGroup = 1E4C5B21213D076800C259EC;
			productRefGroup = 1E4C5B2B213D076800C259EC /* Products */;
			projectDirPath = "";
			projectRoot = "";
			targets = (
				1E4C5B29213D076800C259EC /* WKWebView-Swift */,
			);
		};
/* End PBXProject section */

/* Begin PBXResourcesBuildPhase section */
		1E4C5B28213D076800C259EC /* Resources */ = {
			isa = PBXResourcesBuildPhase;
			buildActionMask = 2147483647;
			files = (
				1E4C5B38213D076A00C259EC /* LaunchScreen.storyboard in Resources */,
				1E4C5B35213D076A00C259EC /* Assets.xcassets in Resources */,
				1E4C5B44213D087D00C259EC /* login.html in Resources */,
				1E4C5B33213D076800C259EC /* Main.storyboard in Resources */,
			);
			runOnlyForDeploymentPostprocessing = 0;
		};
/* End PBXResourcesBuildPhase section */

/* Begin PBXShellScriptBuildPhase section */
		9B4484BF474122606F345894 /* [CP] Check Pods Manifest.lock */ = {
			isa = PBXShellScriptBuildPhase;
			buildActionMask = 2147483647;
			files = (
			);
			inputPaths = (
				"${PODS_PODFILE_DIR_PATH}/Podfile.lock",
				"${PODS_ROOT}/Manifest.lock",
			);
			name = "[CP] Check Pods Manifest.lock";
			outputPaths = (
				"$(DERIVED_FILE_DIR)/Pods-WKWebView-Swift-checkManifestLockResult.txt",
			);
			runOnlyForDeploymentPostprocessing = 0;
			shellPath = /bin/sh;
			shellScript = "diff \"${PODS_PODFILE_DIR_PATH}/Podfile.lock\" \"${PODS_ROOT}/Manifest.lock\" > /dev/null\nif [ $? != 0 ] ; then\n    # print error to STDERR\n    echo \"error: The sandbox is not in sync with the Podfile.lock. Run 'pod install' or update your CocoaPods installation.\" >&2\n    exit 1\nfi\n# This output is used by Xcode 'outputs' to avoid re-running this script phase.\necho \"SUCCESS\" > \"${SCRIPT_OUTPUT_FILE_0}\"\n";
			showEnvVarsInLog = 0;
		};
		E34E198DDC6453F5F6722E6E /* [CP] Embed Pods Frameworks */ = {
			isa = PBXShellScriptBuildPhase;
			buildActionMask = 2147483647;
			files = (
			);
			inputPaths = (
				"${PODS_ROOT}/Target Support Files/Pods-WKWebView-Swift/Pods-WKWebView-Swift-frameworks.sh",
				"${BUILT_PRODUCTS_DIR}/SnapKit/SnapKit.framework",
			);
			name = "[CP] Embed Pods Frameworks";
			outputPaths = (
				"${TARGET_BUILD_DIR}/${FRAMEWORKS_FOLDER_PATH}/SnapKit.framework",
			);
			runOnlyForDeploymentPostprocessing = 0;
			shellPath = /bin/sh;
			shellScript = "\"${PODS_ROOT}/Target Support Files/Pods-WKWebView-Swift/Pods-WKWebView-Swift-frameworks.sh\"\n";
			showEnvVarsInLog = 0;
		};
/* End PBXShellScriptBuildPhase section */

/* Begin PBXSourcesBuildPhase section */
		1E4C5B26213D076800C259EC /* Sources */ = {
			isa = PBXSourcesBuildPhase;
			buildActionMask = 2147483647;
			files = (
				1E4C5B30213D076800C259EC /* ViewController.swift in Sources */,
				1E4C5B2E213D076800C259EC /* AppDelegate.swift in Sources */,
			);
			runOnlyForDeploymentPostprocessing = 0;
		};
/* End PBXSourcesBuildPhase section */

/* Begin PBXVariantGroup section */
		1E4C5B31213D076800C259EC /* Main.storyboard */ = {
			isa = PBXVariantGroup;
			children = (
				1E4C5B32213D076800C259EC /* Base */,
			);
			name = Main.storyboard;
			sourceTree = "<group>";
		};
		1E4C5B36213D076A00C259EC /* LaunchScreen.storyboard */ = {
			isa = PBXVariantGroup;
			children = (
				1E4C5B37213D076A00C259EC /* Base */,
			);
			name = LaunchScreen.storyboard;
			sourceTree = "<group>";
		};
/* End PBXVariantGroup section */

/* Begin XCBuildConfiguration section */
		1E4C5B3A213D076A00C259EC /* Debug */ = {
			isa = XCBuildConfiguration;
			buildSettings = {
				ALWAYS_SEARCH_USER_PATHS = NO;
				CLANG_ANALYZER_NONNULL = YES;
				CLANG_ANALYZER_NUMBER_OBJECT_CONVERSION = YES_AGGRESSIVE;
				CLANG_CXX_LANGUAGE_STANDARD = "gnu++14";
				CLANG_CXX_LIBRARY = "libc++";
				CLANG_ENABLE_MODULES = YES;
				CLANG_ENABLE_OBJC_ARC = YES;
				CLANG_ENABLE_OBJC_WEAK = YES;
				CLANG_WARN_BLOCK_CAPTURE_AUTORELEASING = YES;
				CLANG_WARN_BOOL_CONVERSION = YES;
				CLANG_WARN_COMMA = YES;
				CLANG_WARN_CONSTANT_CONVERSION = YES;
				CLANG_WARN_DEPRECATED_OBJC_IMPLEMENTATIONS = YES;
				CLANG_WARN_DIRECT_OBJC_ISA_USAGE = YES_ERROR;
				CLANG_WARN_DOCUMENTATION_COMMENTS = YES;
				CLANG_WARN_EMPTY_BODY = YES;
				CLANG_WARN_ENUM_CONVERSION = YES;
				CLANG_WARN_INFINITE_RECURSION = YES;
				CLANG_WARN_INT_CONVERSION = YES;
				CLANG_WARN_NON_LITERAL_NULL_CONVERSION = YES;
				CLANG_WARN_OBJC_IMPLICIT_RETAIN_SELF = YES;
				CLANG_WARN_OBJC_LITERAL_CONVERSION = YES;
				CLANG_WARN_OBJC_ROOT_CLASS = YES_ERROR;
				CLANG_WARN_RANGE_LOOP_ANALYSIS = YES;
				CLANG_WARN_STRICT_PROTOTYPES = YES;
				CLANG_WARN_SUSPICIOUS_MOVE = YES;
				CLANG_WARN_UNGUARDED_AVAILABILITY = YES_AGGRESSIVE;
				CLANG_WARN_UNREACHABLE_CODE = YES;
				CLANG_WARN__DUPLICATE_METHOD_MATCH = YES;
				CODE_SIGN_IDENTITY = "iPhone Developer";
				COPY_PHASE_STRIP = NO;
				DEBUG_INFORMATION_FORMAT = dwarf;
				ENABLE_STRICT_OBJC_MSGSEND = YES;
				ENABLE_TESTABILITY = YES;
				GCC_C_LANGUAGE_STANDARD = gnu11;
				GCC_DYNAMIC_NO_PIC = NO;
				GCC_NO_COMMON_BLOCKS = YES;
				GCC_OPTIMIZATION_LEVEL = 0;
				GCC_PREPROCESSOR_DEFINITIONS = (
					"DEBUG=1",
					"$(inherited)",
				);
				GCC_WARN_64_TO_32_BIT_CONVERSION = YES;
				GCC_WARN_ABOUT_RETURN_TYPE = YES_ERROR;
				GCC_WARN_UNDECLARED_SELECTOR = YES;
				GCC_WARN_UNINITIALIZED_AUTOS = YES_AGGRESSIVE;
				GCC_WARN_UNUSED_FUNCTION = YES;
				GCC_WARN_UNUSED_VARIABLE = YES;
				IPHONEOS_DEPLOYMENT_TARGET = 11.4;
				MTL_ENABLE_DEBUG_INFO = YES;
				ONLY_ACTIVE_ARCH = YES;
				SDKROOT = iphoneos;
				SWIFT_ACTIVE_COMPILATION_CONDITIONS = DEBUG;
				SWIFT_OPTIMIZATION_LEVEL = "-Onone";
			};
			name = Debug;
		};
		1E4C5B3B213D076A00C259EC /* Release */ = {
			isa = XCBuildConfiguration;
			buildSettings = {
				ALWAYS_SEARCH_USER_PATHS = NO;
				CLANG_ANALYZER_NONNULL = YES;
				CLANG_ANALYZER_NUMBER_OBJECT_CONVERSION = YES_AGGRESSIVE;
				CLANG_CXX_LANGUAGE_STANDARD = "gnu++14";
				CLANG_CXX_LIBRARY = "libc++";
				CLANG_ENABLE_MODULES = YES;
				CLANG_ENABLE_OBJC_ARC = YES;
				CLANG_ENABLE_OBJC_WEAK = YES;
				CLANG_WARN_BLOCK_CAPTURE_AUTORELEASING = YES;
				CLANG_WARN_BOOL_CONVERSION = YES;
				CLANG_WARN_COMMA = YES;
				CLANG_WARN_CONSTANT_CONVERSION = YES;
				CLANG_WARN_DEPRECATED_OBJC_IMPLEMENTATIONS = YES;
				CLANG_WARN_DIRECT_OBJC_ISA_USAGE = YES_ERROR;
				CLANG_WARN_DOCUMENTATION_COMMENTS = YES;
				CLANG_WARN_EMPTY_BODY = YES;
				CLANG_WARN_ENUM_CONVERSION = YES;
				CLANG_WARN_INFINITE_RECURSION = YES;
				CLANG_WARN_INT_CONVERSION = YES;
				CLANG_WARN_NON_LITERAL_NULL_CONVERSION = YES;
				CLANG_WARN_OBJC_IMPLICIT_RETAIN_SELF = YES;
				CLANG_WARN_OBJC_LITERAL_CONVERSION = YES;
				CLANG_WARN_OBJC_ROOT_CLASS = YES_ERROR;
				CLANG_WARN_RANGE_LOOP_ANALYSIS = YES;
				CLANG_WARN_STRICT_PROTOTYPES = YES;
				CLANG_WARN_SUSPICIOUS_MOVE = YES;
				CLANG_WARN_UNGUARDED_AVAILABILITY = YES_AGGRESSIVE;
				CLANG_WARN_UNREACHABLE_CODE = YES;
				CLANG_WARN__DUPLICATE_METHOD_MATCH = YES;
				CODE_SIGN_IDENTITY = "iPhone Developer";
				COPY_PHASE_STRIP = NO;
				DEBUG_INFORMATION_FORMAT = "dwarf-with-dsym";
				ENABLE_NS_ASSERTIONS = NO;
				ENABLE_STRICT_OBJC_MSGSEND = YES;
				GCC_C_LANGUAGE_STANDARD = gnu11;
				GCC_NO_COMMON_BLOCKS = YES;
				GCC_WARN_64_TO_32_BIT_CONVERSION = YES;
				GCC_WARN_ABOUT_RETURN_TYPE = YES_ERROR;
				GCC_WARN_UNDECLARED_SELECTOR = YES;
				GCC_WARN_UNINITIALIZED_AUTOS = YES_AGGRESSIVE;
				GCC_WARN_UNUSED_FUNCTION = YES;
				GCC_WARN_UNUSED_VARIABLE = YES;
				IPHONEOS_DEPLOYMENT_TARGET = 11.4;
				MTL_ENABLE_DEBUG_INFO = NO;
				SDKROOT = iphoneos;
				SWIFT_COMPILATION_MODE = wholemodule;
				SWIFT_OPTIMIZATION_LEVEL = "-O";
				VALIDATE_PRODUCT = YES;
			};
			name = Release;
		};
		1E4C5B3D213D076A00C259EC /* Debug */ = {
			isa = XCBuildConfiguration;
			baseConfigurationReference = 609DD3F676628BE3AEB7E367 /* Pods-WKWebView-Swift.debug.xcconfig */;
			buildSettings = {
				ASSETCATALOG_COMPILER_APPICON_NAME = AppIcon;
				CODE_SIGN_STYLE = Automatic;
				DEVELOPMENT_TEAM = "";
				INFOPLIST_FILE = "WKWebView-Swift/Info.plist";
				LD_RUNPATH_SEARCH_PATHS = (
					"$(inherited)",
					"@executable_path/Frameworks",
				);
				PRODUCT_BUNDLE_IDENTIFIER = "com.xyq.WKWebView-Swift";
				PRODUCT_NAME = "$(TARGET_NAME)";
				SWIFT_VERSION = 5.0;
				TARGETED_DEVICE_FAMILY = "1,2";
			};
			name = Debug;
		};
		1E4C5B3E213D076A00C259EC /* Release */ = {
			isa = XCBuildConfiguration;
			baseConfigurationReference = 9717322F504BD07675602A43 /* Pods-WKWebView-Swift.release.xcconfig */;
			buildSettings = {
				ASSETCATALOG_COMPILER_APPICON_NAME = AppIcon;
				CODE_SIGN_STYLE = Automatic;
				DEVELOPMENT_TEAM = "";
				INFOPLIST_FILE = "WKWebView-Swift/Info.plist";
				LD_RUNPATH_SEARCH_PATHS = (
					"$(inherited)",
					"@executable_path/Frameworks",
				);
				PRODUCT_BUNDLE_IDENTIFIER = "com.xyq.WKWebView-Swift";
				PRODUCT_NAME = "$(TARGET_NAME)";
				SWIFT_VERSION = 5.0;
				TARGETED_DEVICE_FAMILY = "1,2";
			};
			name = Release;
		};
/* End XCBuildConfiguration section */

/* Begin XCConfigurationList section */
		1E4C5B25213D076800C259EC /* Build configuration list for PBXProject "WKWebView-Swift" */ = {
			isa = XCConfigurationList;
			buildConfigurations = (
				1E4C5B3A213D076A00C259EC /* Debug */,
				1E4C5B3B213D076A00C259EC /* Release */,
			);
			defaultConfigurationIsVisible = 0;
			defaultConfigurationName = Release;
		};
		1E4C5B3C213D076A00C259EC /* Build configuration list for PBXNativeTarget "WKWebView-Swift" */ = {
			isa = XCConfigurationList;
			buildConfigurations = (
				1E4C5B3D213D076A00C259EC /* Debug */,
				1E4C5B3E213D076A00C259EC /* Release */,
			);
			defaultConfigurationIsVisible = 0;
			defaultConfigurationName = Release;
		};
/* End XCConfigurationList section */
	};
	rootObject = 1E4C5B22213D076800C259EC /* Project object */;
}
